
Microsoft Visual Studio Solution File, Format Version 12.00
# Visual Studio Version 17
VisualStudioVersion = 17.7.34009.444
MinimumVisualStudioVersion = 10.0.40219.1
Project("{FAE04EC0-301F-11D3-BF4B-00C04F79EFBC}") = "Fresko", "Fresko.csproj", "{CFB80636-2931-49EA-8E58-849638E3E31B}"
EndProject
Global
	GlobalSection(SolutionConfigurationPlatforms) = preSolution
		Debug|Any CPU = Debug|Any CPU
		Release|Any CPU = Release|Any CPU
	EndGlobalSection
	GlobalSection(ProjectConfigurationPlatforms) = postSolution
		{CFB80636-2931-49EA-8E58-849638E3E31B}.Debug|Any CPU.ActiveCfg = Debug|Any CPU
		{CFB80636-2931-49EA-8E58-849638E3E31B}.Debug|Any CPU.Build.0 = Debug|Any CPU
		{CFB80636-2931-49EA-8E58-849638E3E31B}.Release|Any CPU.ActiveCfg = Release|Any CPU
		{CFB80636-2931-49EA-8E58-849638E3E31B}.Release|Any CPU.Build.0 = Release|Any CPU
	EndGlobalSection
	GlobalSection(SolutionProperties) = preSolution
		HideSolutionNode = FALSE
	EndGlobalSection
	GlobalSection(ExtensibilityGlobals) = postSolution
		SolutionGuid = {2D87CB63-922D-4BBE-820B-84F553554968}
	EndGlobalSection
EndGlobal
